// !$*UTF8*$!
{
	archiveVersion = 1;
	classes = {
	};
	objectVersion = 50;
	objects = {

/* Begin PBXBuildFile section */
		FD00021F2260CC9100A87FFB /* InteractivePopAnimator.swift in Sources */ = {isa = PBXBuildFile; fileRef = FD00021E2260CC9100A87FFB /* InteractivePopAnimator.swift */; };
		FD0E192E22C78E29004C78DC /* StackHandlerTests.swift in Sources */ = {isa = PBXBuildFile; fileRef = FD1B56F8227C525B00E005EC /* StackHandlerTests.swift */; };
		FD1B56FB227C870600E005EC /* ViewControllerWrapperView.swift in Sources */ = {isa = PBXBuildFile; fileRef = FD1B56FA227C870600E005EC /* ViewControllerWrapperView.swift */; };
		FD1B570B227D68CB00E005EC /* StackHandler.swift in Sources */ = {isa = PBXBuildFile; fileRef = FD1B570A227D68CB00E005EC /* StackHandler.swift */; };
		FD1B570D227DB9AF00E005EC /* Transition.swift in Sources */ = {isa = PBXBuildFile; fileRef = FD1B570C227DB9AF00E005EC /* Transition.swift */; };
		FD226059226B6359007E44CE /* StackCoordinator.swift in Sources */ = {isa = PBXBuildFile; fileRef = FD226058226B6359007E44CE /* StackCoordinator.swift */; };
		FD22605B226B6363007E44CE /* UIKitCoordinator.swift in Sources */ = {isa = PBXBuildFile; fileRef = FD22605A226B6363007E44CE /* UIKitCoordinator.swift */; };
		FD2614BF22E4EB9A00BAD2DD /* StackOperationProvider.swift in Sources */ = {isa = PBXBuildFile; fileRef = FD2614BE22E4EB9A00BAD2DD /* StackOperationProvider.swift */; };
		FD2614C122E4ECBD00BAD2DD /* MockStackOperationProvider.swift in Sources */ = {isa = PBXBuildFile; fileRef = FD2614C022E4ECBD00BAD2DD /* MockStackOperationProvider.swift */; };
		FD44573A2315955200DCC278 /* Tracing.swift in Sources */ = {isa = PBXBuildFile; fileRef = FD4457382315955200DCC278 /* Tracing.swift */; };
		FD44573B2315955200DCC278 /* Trace.swift in Sources */ = {isa = PBXBuildFile; fileRef = FD4457392315955200DCC278 /* Trace.swift */; };
		FD44FF362286515000DA2AEB /* StackViewControllerInteractor.swift in Sources */ = {isa = PBXBuildFile; fileRef = FD44FF352286515000DA2AEB /* StackViewControllerInteractor.swift */; };
		FD44FF3B22889FA200DA2AEB /* StackHandler+Extensions.swift in Sources */ = {isa = PBXBuildFile; fileRef = FD44FF3A22889FA200DA2AEB /* StackHandler+Extensions.swift */; };
		FD44FF3D2288CFA900DA2AEB /* MockViewController.swift in Sources */ = {isa = PBXBuildFile; fileRef = FD44FF3C2288CFA900DA2AEB /* MockViewController.swift */; };
		FD44FF3F228A09CD00DA2AEB /* StackViewControllerInteractorTests.swift in Sources */ = {isa = PBXBuildFile; fileRef = FD44FF3E228A09CD00DA2AEB /* StackViewControllerInteractorTests.swift */; };
		FD44FF44228B06DD00DA2AEB /* TransitionHandler.swift in Sources */ = {isa = PBXBuildFile; fileRef = FD5259832280F25A0072C6B8 /* TransitionHandler.swift */; };
		FD44FF46228B4C9600DA2AEB /* MockStackViewControllerDelegate.swift in Sources */ = {isa = PBXBuildFile; fileRef = FD44FF45228B4C9600DA2AEB /* MockStackViewControllerDelegate.swift */; };
		FD44FF48228B65CF00DA2AEB /* MockStackViewControllerInteractor.swift in Sources */ = {isa = PBXBuildFile; fileRef = FD44FF47228B65CF00DA2AEB /* MockStackViewControllerInteractor.swift */; };
		FD44FF4A228B89C400DA2AEB /* StackViewControllerTests+ViewEvents.swift in Sources */ = {isa = PBXBuildFile; fileRef = FD44FF49228B89C400DA2AEB /* StackViewControllerTests+ViewEvents.swift */; };
		FD44FF4E228C2F1A00DA2AEB /* StackViewControllerTests+InteractorDelegate.swift in Sources */ = {isa = PBXBuildFile; fileRef = FD44FF4D228C2F1A00DA2AEB /* StackViewControllerTests+InteractorDelegate.swift */; };
		FD5259862281FFF20072C6B8 /* ScreenEdgePanGestureRecognizer.swift in Sources */ = {isa = PBXBuildFile; fileRef = FD5259852281FFF20072C6B8 /* ScreenEdgePanGestureRecognizer.swift */; };
		FD52598C2284E9070072C6B8 /* Stack+Extensions.swift in Sources */ = {isa = PBXBuildFile; fileRef = FD52598B2284E9070072C6B8 /* Stack+Extensions.swift */; };
		FD67E57A225250E10051786B /* StackViewController.h in Headers */ = {isa = PBXBuildFile; fileRef = FD67E578225250E10051786B /* StackViewController.h */; settings = {ATTRIBUTES = (Public, ); }; };
		FD67E5B3225257DA0051786B /* AppDelegate.swift in Sources */ = {isa = PBXBuildFile; fileRef = FD67E5B2225257DA0051786B /* AppDelegate.swift */; };
		FD67E5BD225257DB0051786B /* LaunchScreen.storyboard in Resources */ = {isa = PBXBuildFile; fileRef = FD67E5BB225257DB0051786B /* LaunchScreen.storyboard */; };
		FD67E5C3225258840051786B /* StackViewController.swift in Sources */ = {isa = PBXBuildFile; fileRef = FD67E5C2225258840051786B /* StackViewController.swift */; };
		FD67E5C8225260C40051786B /* Animator.swift in Sources */ = {isa = PBXBuildFile; fileRef = FD67E5C7225260C40051786B /* Animator.swift */; };
		FD67E5CE2252A57F0051786B /* StackViewController.framework in Frameworks */ = {isa = PBXBuildFile; fileRef = FD67E575225250E10051786B /* StackViewController.framework */; };
		FD67E5CF2252A57F0051786B /* StackViewController.framework in Embed Frameworks */ = {isa = PBXBuildFile; fileRef = FD67E575225250E10051786B /* StackViewController.framework */; settings = {ATTRIBUTES = (CodeSignOnCopy, RemoveHeadersOnCopy, ); }; };
		FD67E5F52252EC770051786B /* RootCoordinator.swift in Sources */ = {isa = PBXBuildFile; fileRef = FD67E5F42252EC770051786B /* RootCoordinator.swift */; };
		FD67E5F82254F2010051786B /* TransitionContext.swift in Sources */ = {isa = PBXBuildFile; fileRef = FD67E5F72254F2010051786B /* TransitionContext.swift */; };
		FD67E5FA22552D3A0051786B /* UIView+Extensions.swift in Sources */ = {isa = PBXBuildFile; fileRef = FD67E5F922552D3A0051786B /* UIView+Extensions.swift */; };
		FD76B6FB2270C5B30090EDB2 /* BaseViewController.swift in Sources */ = {isa = PBXBuildFile; fileRef = FD76B6FA2270C5B30090EDB2 /* BaseViewController.swift */; };
		FD76B7032270C9530090EDB2 /* StackViewControllerTests.swift in Sources */ = {isa = PBXBuildFile; fileRef = FD76B7022270C9530090EDB2 /* StackViewControllerTests.swift */; };
		FD76B7052270C9530090EDB2 /* StackViewController.framework in Frameworks */ = {isa = PBXBuildFile; fileRef = FD67E575225250E10051786B /* StackViewController.framework */; };
		FD76B7632270DA340090EDB2 /* StackViewController+Extensions.swift in Sources */ = {isa = PBXBuildFile; fileRef = FD76B7622270DA340090EDB2 /* StackViewController+Extensions.swift */; };
		FD76B7652270E3B70090EDB2 /* TimeInterval+Extensions.swift in Sources */ = {isa = PBXBuildFile; fileRef = FD76B7642270E3B70090EDB2 /* TimeInterval+Extensions.swift */; };
		FD76B7672270E9C60090EDB2 /* StackViewControllerTests+Properties.swift in Sources */ = {isa = PBXBuildFile; fileRef = FD76B7662270E9C60090EDB2 /* StackViewControllerTests+Properties.swift */; };
		FD76B7692270EA010090EDB2 /* StackViewControllerTests+StackActions.swift in Sources */ = {isa = PBXBuildFile; fileRef = FD76B7682270EA010090EDB2 /* StackViewControllerTests+StackActions.swift */; };
		FD76B76D2271F3EF0090EDB2 /* StackViewControllerDelegate.swift in Sources */ = {isa = PBXBuildFile; fileRef = FD76B76C2271F3EF0090EDB2 /* StackViewControllerDelegate.swift */; };
		FD76B7772275F39C0090EDB2 /* StackViewController+Debug.swift in Sources */ = {isa = PBXBuildFile; fileRef = FD76B7762275F39C0090EDB2 /* StackViewController+Debug.swift */; };
		FD76B77D227614D60090EDB2 /* ViewControllerFactory.swift in Sources */ = {isa = PBXBuildFile; fileRef = FD76B77C227614D60090EDB2 /* ViewControllerFactory.swift */; };
		FD76B77F227643600090EDB2 /* PushAnimator.swift in Sources */ = {isa = PBXBuildFile; fileRef = FD76B77E227643600090EDB2 /* PushAnimator.swift */; };
		FD76B7812276449F0090EDB2 /* PopAnimator.swift in Sources */ = {isa = PBXBuildFile; fileRef = FD76B7802276449F0090EDB2 /* PopAnimator.swift */; };
		FD76B7882278E8D20090EDB2 /* UIViewController+Extenstions.swift in Sources */ = {isa = PBXBuildFile; fileRef = FD76B7872278E8D20090EDB2 /* UIViewController+Extenstions.swift */; };
		FD76B78A227917320090EDB2 /* NavigationController.swift in Sources */ = {isa = PBXBuildFile; fileRef = FD76B789227917320090EDB2 /* NavigationController.swift */; };
		FD76B791227A5B7A0090EDB2 /* Array+Extensions.swift in Sources */ = {isa = PBXBuildFile; fileRef = FD76B790227A5B7A0090EDB2 /* Array+Extensions.swift */; };
		FD83870522A19C750017E8F8 /* StackHandling.swift in Sources */ = {isa = PBXBuildFile; fileRef = FD83870422A19C750017E8F8 /* StackHandling.swift */; };
		FDAD73C822AD4A0400FB68BB /* MockStackHandler.swift in Sources */ = {isa = PBXBuildFile; fileRef = FDAD73C722AD4A0400FB68BB /* MockStackHandler.swift */; };
		FDAD73CB22AD4B4500FB68BB /* CollectionDifference+Extensions.swift in Sources */ = {isa = PBXBuildFile; fileRef = FDAD73CA22AD4B4500FB68BB /* CollectionDifference+Extensions.swift */; };
		FDAD73D022AD5E3900FB68BB /* TransitionHandling.swift in Sources */ = {isa = PBXBuildFile; fileRef = FDAD73CF22AD5E3900FB68BB /* TransitionHandling.swift */; };
		FDAD73D222AD5F6600FB68BB /* MockTransitionHandler.swift in Sources */ = {isa = PBXBuildFile; fileRef = FDAD73D122AD5F6600FB68BB /* MockTransitionHandler.swift */; };
		FDAD73D422AEB8E500FB68BB /* MockStackViewControllerInteractorDelegate.swift in Sources */ = {isa = PBXBuildFile; fileRef = FDAD73D322AEB8E500FB68BB /* MockStackViewControllerInteractorDelegate.swift */; };
		FDF0BC7522C92603000EAAD5 /* TransitionHandlerTests.swift in Sources */ = {isa = PBXBuildFile; fileRef = FDF0BC7422C92603000EAAD5 /* TransitionHandlerTests.swift */; };
		FDF0BC7722C9278D000EAAD5 /* TransitionContext+Extensions.swift in Sources */ = {isa = PBXBuildFile; fileRef = FDF0BC7622C9278D000EAAD5 /* TransitionContext+Extensions.swift */; };
		FDF0BC7922C92850000EAAD5 /* MockTransitionHandlerDelegate.swift in Sources */ = {isa = PBXBuildFile; fileRef = FDF0BC7822C92850000EAAD5 /* MockTransitionHandlerDelegate.swift */; };
		FDF0BC7B22C936F4000EAAD5 /* MockAnimatedTransitioning.swift in Sources */ = {isa = PBXBuildFile; fileRef = FDF0BC7A22C936F4000EAAD5 /* MockAnimatedTransitioning.swift */; };
		FDF0BC7F22C9572C000EAAD5 /* MockInteractiveTransitioning.swift in Sources */ = {isa = PBXBuildFile; fileRef = FDF0BC7E22C9572C000EAAD5 /* MockInteractiveTransitioning.swift */; };
/* End PBXBuildFile section */

/* Begin PBXContainerItemProxy section */
		FD67E5C422525B140051786B /* PBXContainerItemProxy */ = {
			isa = PBXContainerItemProxy;
			containerPortal = FD67E56C225250E10051786B /* Project object */;
			proxyType = 1;
			remoteGlobalIDString = FD67E574225250E10051786B;
			remoteInfo = NavigationController;
		};
		FD76B7062270C9530090EDB2 /* PBXContainerItemProxy */ = {
			isa = PBXContainerItemProxy;
			containerPortal = FD67E56C225250E10051786B /* Project object */;
			proxyType = 1;
			remoteGlobalIDString = FD67E574225250E10051786B;
			remoteInfo = StackViewController;
		};
/* End PBXContainerItemProxy section */

/* Begin PBXCopyFilesBuildPhase section */
		FD67E5D02252A57F0051786B /* Embed Frameworks */ = {
			isa = PBXCopyFilesBuildPhase;
			buildActionMask = 2147483647;
			dstPath = "";
			dstSubfolderSpec = 10;
			files = (
				FD67E5CF2252A57F0051786B /* StackViewController.framework in Embed Frameworks */,
			);
			name = "Embed Frameworks";
			runOnlyForDeploymentPostprocessing = 0;
		};
/* End PBXCopyFilesBuildPhase section */

/* Begin PBXFileReference section */
		FD00021E2260CC9100A87FFB /* InteractivePopAnimator.swift */ = {isa = PBXFileReference; lastKnownFileType = sourcecode.swift; path = InteractivePopAnimator.swift; sourceTree = "<group>"; };
		FD1B56F8227C525B00E005EC /* StackHandlerTests.swift */ = {isa = PBXFileReference; lastKnownFileType = sourcecode.swift; path = StackHandlerTests.swift; sourceTree = "<group>"; };
		FD1B56FA227C870600E005EC /* ViewControllerWrapperView.swift */ = {isa = PBXFileReference; lastKnownFileType = sourcecode.swift; path = ViewControllerWrapperView.swift; sourceTree = "<group>"; };
		FD1B570A227D68CB00E005EC /* StackHandler.swift */ = {isa = PBXFileReference; lastKnownFileType = sourcecode.swift; path = StackHandler.swift; sourceTree = "<group>"; };
		FD1B570C227DB9AF00E005EC /* Transition.swift */ = {isa = PBXFileReference; lastKnownFileType = sourcecode.swift; path = Transition.swift; sourceTree = "<group>"; };
		FD226058226B6359007E44CE /* StackCoordinator.swift */ = {isa = PBXFileReference; lastKnownFileType = sourcecode.swift; path = StackCoordinator.swift; sourceTree = "<group>"; };
		FD22605A226B6363007E44CE /* UIKitCoordinator.swift */ = {isa = PBXFileReference; lastKnownFileType = sourcecode.swift; path = UIKitCoordinator.swift; sourceTree = "<group>"; };
		FD2614BE22E4EB9A00BAD2DD /* StackOperationProvider.swift */ = {isa = PBXFileReference; lastKnownFileType = sourcecode.swift; path = StackOperationProvider.swift; sourceTree = "<group>"; };
		FD2614C022E4ECBD00BAD2DD /* MockStackOperationProvider.swift */ = {isa = PBXFileReference; lastKnownFileType = sourcecode.swift; path = MockStackOperationProvider.swift; sourceTree = "<group>"; };
		FD4457382315955200DCC278 /* Tracing.swift */ = {isa = PBXFileReference; fileEncoding = 4; lastKnownFileType = sourcecode.swift; path = Tracing.swift; sourceTree = "<group>"; };
		FD4457392315955200DCC278 /* Trace.swift */ = {isa = PBXFileReference; fileEncoding = 4; lastKnownFileType = sourcecode.swift; path = Trace.swift; sourceTree = "<group>"; };
		FD44FF352286515000DA2AEB /* StackViewControllerInteractor.swift */ = {isa = PBXFileReference; lastKnownFileType = sourcecode.swift; path = StackViewControllerInteractor.swift; sourceTree = "<group>"; };
		FD44FF3A22889FA200DA2AEB /* StackHandler+Extensions.swift */ = {isa = PBXFileReference; lastKnownFileType = sourcecode.swift; path = "StackHandler+Extensions.swift"; sourceTree = "<group>"; };
		FD44FF3C2288CFA900DA2AEB /* MockViewController.swift */ = {isa = PBXFileReference; lastKnownFileType = sourcecode.swift; path = MockViewController.swift; sourceTree = "<group>"; };
		FD44FF3E228A09CD00DA2AEB /* StackViewControllerInteractorTests.swift */ = {isa = PBXFileReference; lastKnownFileType = sourcecode.swift; path = StackViewControllerInteractorTests.swift; sourceTree = "<group>"; };
		FD44FF45228B4C9600DA2AEB /* MockStackViewControllerDelegate.swift */ = {isa = PBXFileReference; lastKnownFileType = sourcecode.swift; path = MockStackViewControllerDelegate.swift; sourceTree = "<group>"; };
		FD44FF47228B65CF00DA2AEB /* MockStackViewControllerInteractor.swift */ = {isa = PBXFileReference; lastKnownFileType = sourcecode.swift; path = MockStackViewControllerInteractor.swift; sourceTree = "<group>"; };
		FD44FF49228B89C400DA2AEB /* StackViewControllerTests+ViewEvents.swift */ = {isa = PBXFileReference; lastKnownFileType = sourcecode.swift; path = "StackViewControllerTests+ViewEvents.swift"; sourceTree = "<group>"; };
		FD44FF4D228C2F1A00DA2AEB /* StackViewControllerTests+InteractorDelegate.swift */ = {isa = PBXFileReference; lastKnownFileType = sourcecode.swift; path = "StackViewControllerTests+InteractorDelegate.swift"; sourceTree = "<group>"; };
		FD5259832280F25A0072C6B8 /* TransitionHandler.swift */ = {isa = PBXFileReference; lastKnownFileType = sourcecode.swift; path = TransitionHandler.swift; sourceTree = "<group>"; };
		FD5259852281FFF20072C6B8 /* ScreenEdgePanGestureRecognizer.swift */ = {isa = PBXFileReference; lastKnownFileType = sourcecode.swift; path = ScreenEdgePanGestureRecognizer.swift; sourceTree = "<group>"; };
		FD52598B2284E9070072C6B8 /* Stack+Extensions.swift */ = {isa = PBXFileReference; lastKnownFileType = sourcecode.swift; path = "Stack+Extensions.swift"; sourceTree = "<group>"; };
		FD67E575225250E10051786B /* StackViewController.framework */ = {isa = PBXFileReference; explicitFileType = wrapper.framework; includeInIndex = 0; path = StackViewController.framework; sourceTree = BUILT_PRODUCTS_DIR; };
		FD67E578225250E10051786B /* StackViewController.h */ = {isa = PBXFileReference; lastKnownFileType = sourcecode.c.h; path = StackViewController.h; sourceTree = "<group>"; };
		FD67E579225250E10051786B /* Info.plist */ = {isa = PBXFileReference; lastKnownFileType = text.plist.xml; path = Info.plist; sourceTree = "<group>"; };
		FD67E5B0225257DA0051786B /* TestApp.app */ = {isa = PBXFileReference; explicitFileType = wrapper.application; includeInIndex = 0; path = TestApp.app; sourceTree = BUILT_PRODUCTS_DIR; };
		FD67E5B2225257DA0051786B /* AppDelegate.swift */ = {isa = PBXFileReference; lastKnownFileType = sourcecode.swift; path = AppDelegate.swift; sourceTree = "<group>"; };
		FD67E5BC225257DB0051786B /* Base */ = {isa = PBXFileReference; lastKnownFileType = file.storyboard; name = Base; path = Base.lproj/LaunchScreen.storyboard; sourceTree = "<group>"; };
		FD67E5BE225257DB0051786B /* Info.plist */ = {isa = PBXFileReference; lastKnownFileType = text.plist.xml; path = Info.plist; sourceTree = "<group>"; };
		FD67E5C2225258840051786B /* StackViewController.swift */ = {isa = PBXFileReference; lastKnownFileType = sourcecode.swift; path = StackViewController.swift; sourceTree = "<group>"; };
		FD67E5C7225260C40051786B /* Animator.swift */ = {isa = PBXFileReference; lastKnownFileType = sourcecode.swift; path = Animator.swift; sourceTree = "<group>"; };
		FD67E5F42252EC770051786B /* RootCoordinator.swift */ = {isa = PBXFileReference; lastKnownFileType = sourcecode.swift; path = RootCoordinator.swift; sourceTree = "<group>"; };
		FD67E5F72254F2010051786B /* TransitionContext.swift */ = {isa = PBXFileReference; lastKnownFileType = sourcecode.swift; path = TransitionContext.swift; sourceTree = "<group>"; };
		FD67E5F922552D3A0051786B /* UIView+Extensions.swift */ = {isa = PBXFileReference; lastKnownFileType = sourcecode.swift; path = "UIView+Extensions.swift"; sourceTree = "<group>"; };
		FD76B6FA2270C5B30090EDB2 /* BaseViewController.swift */ = {isa = PBXFileReference; lastKnownFileType = sourcecode.swift; path = BaseViewController.swift; sourceTree = "<group>"; };
		FD76B7002270C9530090EDB2 /* StackViewControllerTests.xctest */ = {isa = PBXFileReference; explicitFileType = wrapper.cfbundle; includeInIndex = 0; path = StackViewControllerTests.xctest; sourceTree = BUILT_PRODUCTS_DIR; };
		FD76B7022270C9530090EDB2 /* StackViewControllerTests.swift */ = {isa = PBXFileReference; lastKnownFileType = sourcecode.swift; path = StackViewControllerTests.swift; sourceTree = "<group>"; };
		FD76B7042270C9530090EDB2 /* Info.plist */ = {isa = PBXFileReference; lastKnownFileType = text.plist.xml; path = Info.plist; sourceTree = "<group>"; };
		FD76B7622270DA340090EDB2 /* StackViewController+Extensions.swift */ = {isa = PBXFileReference; lastKnownFileType = sourcecode.swift; path = "StackViewController+Extensions.swift"; sourceTree = "<group>"; };
		FD76B7642270E3B70090EDB2 /* TimeInterval+Extensions.swift */ = {isa = PBXFileReference; lastKnownFileType = sourcecode.swift; path = "TimeInterval+Extensions.swift"; sourceTree = "<group>"; };
		FD76B7662270E9C60090EDB2 /* StackViewControllerTests+Properties.swift */ = {isa = PBXFileReference; lastKnownFileType = sourcecode.swift; path = "StackViewControllerTests+Properties.swift"; sourceTree = "<group>"; };
		FD76B7682270EA010090EDB2 /* StackViewControllerTests+StackActions.swift */ = {isa = PBXFileReference; lastKnownFileType = sourcecode.swift; path = "StackViewControllerTests+StackActions.swift"; sourceTree = "<group>"; };
		FD76B76C2271F3EF0090EDB2 /* StackViewControllerDelegate.swift */ = {isa = PBXFileReference; lastKnownFileType = sourcecode.swift; path = StackViewControllerDelegate.swift; sourceTree = "<group>"; };
		FD76B7762275F39C0090EDB2 /* StackViewController+Debug.swift */ = {isa = PBXFileReference; lastKnownFileType = sourcecode.swift; path = "StackViewController+Debug.swift"; sourceTree = "<group>"; };
		FD76B77C227614D60090EDB2 /* ViewControllerFactory.swift */ = {isa = PBXFileReference; lastKnownFileType = sourcecode.swift; path = ViewControllerFactory.swift; sourceTree = "<group>"; };
		FD76B77E227643600090EDB2 /* PushAnimator.swift */ = {isa = PBXFileReference; lastKnownFileType = sourcecode.swift; path = PushAnimator.swift; sourceTree = "<group>"; };
		FD76B7802276449F0090EDB2 /* PopAnimator.swift */ = {isa = PBXFileReference; lastKnownFileType = sourcecode.swift; path = PopAnimator.swift; sourceTree = "<group>"; };
		FD76B7872278E8D20090EDB2 /* UIViewController+Extenstions.swift */ = {isa = PBXFileReference; lastKnownFileType = sourcecode.swift; path = "UIViewController+Extenstions.swift"; sourceTree = "<group>"; };
		FD76B789227917320090EDB2 /* NavigationController.swift */ = {isa = PBXFileReference; lastKnownFileType = sourcecode.swift; path = NavigationController.swift; sourceTree = "<group>"; };
		FD76B790227A5B7A0090EDB2 /* Array+Extensions.swift */ = {isa = PBXFileReference; lastKnownFileType = sourcecode.swift; path = "Array+Extensions.swift"; sourceTree = "<group>"; };
		FD7BF4552314456E00D7BAE5 /* Traces.framework */ = {isa = PBXFileReference; explicitFileType = wrapper.framework; path = Traces.framework; sourceTree = BUILT_PRODUCTS_DIR; };
		FD8386FF22A196640017E8F8 /* Debug.xcconfig */ = {isa = PBXFileReference; lastKnownFileType = text.xcconfig; path = Debug.xcconfig; sourceTree = "<group>"; };
		FD83870022A199310017E8F8 /* Release.xcconfig */ = {isa = PBXFileReference; lastKnownFileType = text.xcconfig; path = Release.xcconfig; sourceTree = "<group>"; };
		FD83870422A19C750017E8F8 /* StackHandling.swift */ = {isa = PBXFileReference; lastKnownFileType = sourcecode.swift; path = StackHandling.swift; sourceTree = "<group>"; };
		FDAD73C722AD4A0400FB68BB /* MockStackHandler.swift */ = {isa = PBXFileReference; lastKnownFileType = sourcecode.swift; path = MockStackHandler.swift; sourceTree = "<group>"; };
		FDAD73CA22AD4B4500FB68BB /* CollectionDifference+Extensions.swift */ = {isa = PBXFileReference; lastKnownFileType = sourcecode.swift; path = "CollectionDifference+Extensions.swift"; sourceTree = "<group>"; };
		FDAD73CF22AD5E3900FB68BB /* TransitionHandling.swift */ = {isa = PBXFileReference; lastKnownFileType = sourcecode.swift; path = TransitionHandling.swift; sourceTree = "<group>"; };
		FDAD73D122AD5F6600FB68BB /* MockTransitionHandler.swift */ = {isa = PBXFileReference; lastKnownFileType = sourcecode.swift; path = MockTransitionHandler.swift; sourceTree = "<group>"; };
		FDAD73D322AEB8E500FB68BB /* MockStackViewControllerInteractorDelegate.swift */ = {isa = PBXFileReference; lastKnownFileType = sourcecode.swift; path = MockStackViewControllerInteractorDelegate.swift; sourceTree = "<group>"; };
		FDF0BC7422C92603000EAAD5 /* TransitionHandlerTests.swift */ = {isa = PBXFileReference; lastKnownFileType = sourcecode.swift; path = TransitionHandlerTests.swift; sourceTree = "<group>"; };
		FDF0BC7622C9278D000EAAD5 /* TransitionContext+Extensions.swift */ = {isa = PBXFileReference; lastKnownFileType = sourcecode.swift; path = "TransitionContext+Extensions.swift"; sourceTree = "<group>"; };
		FDF0BC7822C92850000EAAD5 /* MockTransitionHandlerDelegate.swift */ = {isa = PBXFileReference; lastKnownFileType = sourcecode.swift; path = MockTransitionHandlerDelegate.swift; sourceTree = "<group>"; };
		FDF0BC7A22C936F4000EAAD5 /* MockAnimatedTransitioning.swift */ = {isa = PBXFileReference; lastKnownFileType = sourcecode.swift; path = MockAnimatedTransitioning.swift; sourceTree = "<group>"; };
		FDF0BC7E22C9572C000EAAD5 /* MockInteractiveTransitioning.swift */ = {isa = PBXFileReference; lastKnownFileType = sourcecode.swift; path = MockInteractiveTransitioning.swift; sourceTree = "<group>"; };
/* End PBXFileReference section */

/* Begin PBXFrameworksBuildPhase section */
		FD67E572225250E10051786B /* Frameworks */ = {
			isa = PBXFrameworksBuildPhase;
			buildActionMask = 2147483647;
			files = (
			);
			runOnlyForDeploymentPostprocessing = 0;
		};
		FD67E5AD225257DA0051786B /* Frameworks */ = {
			isa = PBXFrameworksBuildPhase;
			buildActionMask = 2147483647;
			files = (
				FD67E5CE2252A57F0051786B /* StackViewController.framework in Frameworks */,
			);
			runOnlyForDeploymentPostprocessing = 0;
		};
		FD76B6FD2270C9530090EDB2 /* Frameworks */ = {
			isa = PBXFrameworksBuildPhase;
			buildActionMask = 2147483647;
			files = (
				FD76B7052270C9530090EDB2 /* StackViewController.framework in Frameworks */,
			);
			runOnlyForDeploymentPostprocessing = 0;
		};
/* End PBXFrameworksBuildPhase section */

/* Begin PBXGroup section */
		FD1B56FC227C876700E005EC /* Custom views */ = {
			isa = PBXGroup;
			children = (
				FD1B56FA227C870600E005EC /* ViewControllerWrapperView.swift */,
			);
			path = "Custom views";
			sourceTree = "<group>";
		};
		FD44FF3722888DE600DA2AEB /* Mocks */ = {
			isa = PBXGroup;
			children = (
				FD44FF45228B4C9600DA2AEB /* MockStackViewControllerDelegate.swift */,
				FD44FF47228B65CF00DA2AEB /* MockStackViewControllerInteractor.swift */,
				FDAD73D322AEB8E500FB68BB /* MockStackViewControllerInteractorDelegate.swift */,
				FD44FF3C2288CFA900DA2AEB /* MockViewController.swift */,
				FDAD73C722AD4A0400FB68BB /* MockStackHandler.swift */,
				FDAD73D122AD5F6600FB68BB /* MockTransitionHandler.swift */,
				FDF0BC7822C92850000EAAD5 /* MockTransitionHandlerDelegate.swift */,
				FDF0BC7A22C936F4000EAAD5 /* MockAnimatedTransitioning.swift */,
				FDF0BC7E22C9572C000EAAD5 /* MockInteractiveTransitioning.swift */,
				FD2614C022E4ECBD00BAD2DD /* MockStackOperationProvider.swift */,
			);
			path = Mocks;
			sourceTree = "<group>";
		};
		FD5259892284E8D10072C6B8 /* Tests */ = {
			isa = PBXGroup;
			children = (
				FD76B7022270C9530090EDB2 /* StackViewControllerTests.swift */,
				FD44FF4D228C2F1A00DA2AEB /* StackViewControllerTests+InteractorDelegate.swift */,
				FD76B7662270E9C60090EDB2 /* StackViewControllerTests+Properties.swift */,
				FD76B7682270EA010090EDB2 /* StackViewControllerTests+StackActions.swift */,
				FD44FF49228B89C400DA2AEB /* StackViewControllerTests+ViewEvents.swift */,
				FD1B56F8227C525B00E005EC /* StackHandlerTests.swift */,
				FD44FF3E228A09CD00DA2AEB /* StackViewControllerInteractorTests.swift */,
				FDF0BC7422C92603000EAAD5 /* TransitionHandlerTests.swift */,
			);
			path = Tests;
			sourceTree = "<group>";
		};
		FD52598A2284E8DD0072C6B8 /* Utils */ = {
			isa = PBXGroup;
			children = (
				FDAD73CA22AD4B4500FB68BB /* CollectionDifference+Extensions.swift */,
				FD52598B2284E9070072C6B8 /* Stack+Extensions.swift */,
				FD44FF3A22889FA200DA2AEB /* StackHandler+Extensions.swift */,
				FD76B7622270DA340090EDB2 /* StackViewController+Extensions.swift */,
				FD76B7642270E3B70090EDB2 /* TimeInterval+Extensions.swift */,
				FDF0BC7622C9278D000EAAD5 /* TransitionContext+Extensions.swift */,
			);
			path = Utils;
			sourceTree = "<group>";
		};
		FD67E56B225250E10051786B = {
			isa = PBXGroup;
			children = (
				FD67E577225250E10051786B /* StackViewController */,
				FD67E5B1225257DA0051786B /* TestApp */,
				FD76B7012270C9530090EDB2 /* StackViewControllerTests */,
				FD67E576225250E10051786B /* Products */,
				FD7BF4542314456E00D7BAE5 /* Frameworks */,
			);
			sourceTree = "<group>";
		};
		FD67E576225250E10051786B /* Products */ = {
			isa = PBXGroup;
			children = (
				FD67E575225250E10051786B /* StackViewController.framework */,
				FD67E5B0225257DA0051786B /* TestApp.app */,
				FD76B7002270C9530090EDB2 /* StackViewControllerTests.xctest */,
			);
			name = Products;
			sourceTree = "<group>";
		};
		FD67E577225250E10051786B /* StackViewController */ = {
			isa = PBXGroup;
			children = (
				FDD9DFE123143953004B0E19 /* Logging */,
				FD76B782227648A50090EDB2 /* Animators */,
				FD1B56FC227C876700E005EC /* Custom views */,
				FD67E5F12252AF0F0051786B /* Extensions */,
				FDD1807522CD692D003017EE /* Gesture Recognizers */,
				FDAD73C922AD4A1700FB68BB /* Stack */,
				FDAD73CE22AD5E0700FB68BB /* Transition */,
				FD67E5C2225258840051786B /* StackViewController.swift */,
				FD2614BE22E4EB9A00BAD2DD /* StackOperationProvider.swift */,
				FD76B76C2271F3EF0090EDB2 /* StackViewControllerDelegate.swift */,
				FD76B7762275F39C0090EDB2 /* StackViewController+Debug.swift */,
				FD44FF352286515000DA2AEB /* StackViewControllerInteractor.swift */,
				FD67E578225250E10051786B /* StackViewController.h */,
				FD67E579225250E10051786B /* Info.plist */,
				FD83870122A199480017E8F8 /* Config */,
			);
			path = StackViewController;
			sourceTree = "<group>";
		};
		FD67E5B1225257DA0051786B /* TestApp */ = {
			isa = PBXGroup;
			children = (
				FD67E5F42252EC770051786B /* RootCoordinator.swift */,
				FD226058226B6359007E44CE /* StackCoordinator.swift */,
				FD22605A226B6363007E44CE /* UIKitCoordinator.swift */,
				FD76B6FA2270C5B30090EDB2 /* BaseViewController.swift */,
				FD76B77C227614D60090EDB2 /* ViewControllerFactory.swift */,
				FD67E5B2225257DA0051786B /* AppDelegate.swift */,
				FD76B789227917320090EDB2 /* NavigationController.swift */,
				FD67E5BB225257DB0051786B /* LaunchScreen.storyboard */,
				FD67E5BE225257DB0051786B /* Info.plist */,
			);
			path = TestApp;
			sourceTree = "<group>";
		};
		FD67E5F12252AF0F0051786B /* Extensions */ = {
			isa = PBXGroup;
			children = (
				FD76B790227A5B7A0090EDB2 /* Array+Extensions.swift */,
				FD67E5F922552D3A0051786B /* UIView+Extensions.swift */,
				FD76B7872278E8D20090EDB2 /* UIViewController+Extenstions.swift */,
			);
			path = Extensions;
			sourceTree = "<group>";
		};
		FD76B7012270C9530090EDB2 /* StackViewControllerTests */ = {
			isa = PBXGroup;
			children = (
				FD44FF3722888DE600DA2AEB /* Mocks */,
				FD52598A2284E8DD0072C6B8 /* Utils */,
				FD5259892284E8D10072C6B8 /* Tests */,
				FD76B7042270C9530090EDB2 /* Info.plist */,
			);
			path = StackViewControllerTests;
			sourceTree = "<group>";
		};
		FD76B782227648A50090EDB2 /* Animators */ = {
			isa = PBXGroup;
			children = (
				FD67E5C7225260C40051786B /* Animator.swift */,
				FD76B77E227643600090EDB2 /* PushAnimator.swift */,
				FD76B7802276449F0090EDB2 /* PopAnimator.swift */,
				FD00021E2260CC9100A87FFB /* InteractivePopAnimator.swift */,
			);
			path = Animators;
			sourceTree = "<group>";
		};
		FD7BF4542314456E00D7BAE5 /* Frameworks */ = {
			isa = PBXGroup;
			children = (
				FD7BF4552314456E00D7BAE5 /* Traces.framework */,
			);
			name = Frameworks;
			sourceTree = "<group>";
		};
		FD83870122A199480017E8F8 /* Config */ = {
			isa = PBXGroup;
			children = (
				FD8386FF22A196640017E8F8 /* Debug.xcconfig */,
				FD83870022A199310017E8F8 /* Release.xcconfig */,
			);
			path = Config;
			sourceTree = "<group>";
		};
		FDAD73C922AD4A1700FB68BB /* Stack */ = {
			isa = PBXGroup;
			children = (
				FD1B570A227D68CB00E005EC /* StackHandler.swift */,
				FD83870422A19C750017E8F8 /* StackHandling.swift */,
			);
			path = Stack;
			sourceTree = "<group>";
		};
		FDAD73CE22AD5E0700FB68BB /* Transition */ = {
			isa = PBXGroup;
			children = (
				FD67E5F72254F2010051786B /* TransitionContext.swift */,
				FD1B570C227DB9AF00E005EC /* Transition.swift */,
				FD5259832280F25A0072C6B8 /* TransitionHandler.swift */,
				FDAD73CF22AD5E3900FB68BB /* TransitionHandling.swift */,
			);
			path = Transition;
			sourceTree = "<group>";
		};
		FDD1807522CD692D003017EE /* Gesture Recognizers */ = {
			isa = PBXGroup;
			children = (
				FD5259852281FFF20072C6B8 /* ScreenEdgePanGestureRecognizer.swift */,
			);
			path = "Gesture Recognizers";
			sourceTree = "<group>";
		};
		FDD9DFE123143953004B0E19 /* Logging */ = {
			isa = PBXGroup;
			children = (
				FD4457382315955200DCC278 /* Tracing.swift */,
				FD4457392315955200DCC278 /* Trace.swift */,
			);
			path = Logging;
			sourceTree = "<group>";
		};
/* End PBXGroup section */

/* Begin PBXHeadersBuildPhase section */
		FD67E570225250E10051786B /* Headers */ = {
			isa = PBXHeadersBuildPhase;
			buildActionMask = 2147483647;
			files = (
				FD67E57A225250E10051786B /* StackViewController.h in Headers */,
			);
			runOnlyForDeploymentPostprocessing = 0;
		};
/* End PBXHeadersBuildPhase section */

/* Begin PBXNativeTarget section */
		FD67E574225250E10051786B /* StackViewController */ = {
			isa = PBXNativeTarget;
			buildConfigurationList = FD67E57D225250E10051786B /* Build configuration list for PBXNativeTarget "StackViewController" */;
			buildPhases = (
				FD67E570225250E10051786B /* Headers */,
				FD67E571225250E10051786B /* Sources */,
				FD67E572225250E10051786B /* Frameworks */,
				FD67E573225250E10051786B /* Resources */,
			);
			buildRules = (
			);
			dependencies = (
			);
			name = StackViewController;
			productName = NavigationController;
			productReference = FD67E575225250E10051786B /* StackViewController.framework */;
			productType = "com.apple.product-type.framework";
		};
		FD67E5AF225257DA0051786B /* TestApp */ = {
			isa = PBXNativeTarget;
			buildConfigurationList = FD67E5C1225257DB0051786B /* Build configuration list for PBXNativeTarget "TestApp" */;
			buildPhases = (
				FD67E5AC225257DA0051786B /* Sources */,
				FD67E5AD225257DA0051786B /* Frameworks */,
				FD67E5AE225257DA0051786B /* Resources */,
				FD67E5D02252A57F0051786B /* Embed Frameworks */,
			);
			buildRules = (
			);
			dependencies = (
				FD67E5C522525B140051786B /* PBXTargetDependency */,
			);
			name = TestApp;
			productName = TestApp;
			productReference = FD67E5B0225257DA0051786B /* TestApp.app */;
			productType = "com.apple.product-type.application";
		};
		FD76B6FF2270C9530090EDB2 /* StackViewControllerTests */ = {
			isa = PBXNativeTarget;
			buildConfigurationList = FD76B7082270C9530090EDB2 /* Build configuration list for PBXNativeTarget "StackViewControllerTests" */;
			buildPhases = (
				FD76B6FC2270C9530090EDB2 /* Sources */,
				FD76B6FD2270C9530090EDB2 /* Frameworks */,
				FD76B6FE2270C9530090EDB2 /* Resources */,
			);
			buildRules = (
			);
			dependencies = (
				FD76B7072270C9530090EDB2 /* PBXTargetDependency */,
			);
			name = StackViewControllerTests;
			productName = StackViewControllerTests;
			productReference = FD76B7002270C9530090EDB2 /* StackViewControllerTests.xctest */;
			productType = "com.apple.product-type.bundle.unit-test";
		};
/* End PBXNativeTarget section */

/* Begin PBXProject section */
		FD67E56C225250E10051786B /* Project object */ = {
			isa = PBXProject;
			attributes = {
				LastSwiftUpdateCheck = 1020;
				LastUpgradeCheck = 1020;
				ORGANIZATIONNAME = codedby.pm;
				TargetAttributes = {
					FD67E574225250E10051786B = {
						CreatedOnToolsVersion = 10.2;
						LastSwiftMigration = 1020;
					};
					FD67E5AF225257DA0051786B = {
						CreatedOnToolsVersion = 10.2;
					};
					FD76B6FF2270C9530090EDB2 = {
						CreatedOnToolsVersion = 10.2.1;
					};
				};
			};
			buildConfigurationList = FD67E56F225250E10051786B /* Build configuration list for PBXProject "StackViewController" */;
			compatibilityVersion = "Xcode 9.3";
			developmentRegion = en;
			hasScannedForEncodings = 0;
			knownRegions = (
				en,
				Base,
			);
			mainGroup = FD67E56B225250E10051786B;
			productRefGroup = FD67E576225250E10051786B /* Products */;
			projectDirPath = "";
			projectRoot = "";
			targets = (
				FD67E574225250E10051786B /* StackViewController */,
				FD76B6FF2270C9530090EDB2 /* StackViewControllerTests */,
				FD67E5AF225257DA0051786B /* TestApp */,
			);
		};
/* End PBXProject section */

/* Begin PBXResourcesBuildPhase section */
		FD67E573225250E10051786B /* Resources */ = {
			isa = PBXResourcesBuildPhase;
			buildActionMask = 2147483647;
			files = (
			);
			runOnlyForDeploymentPostprocessing = 0;
		};
		FD67E5AE225257DA0051786B /* Resources */ = {
			isa = PBXResourcesBuildPhase;
			buildActionMask = 2147483647;
			files = (
				FD67E5BD225257DB0051786B /* LaunchScreen.storyboard in Resources */,
			);
			runOnlyForDeploymentPostprocessing = 0;
		};
		FD76B6FE2270C9530090EDB2 /* Resources */ = {
			isa = PBXResourcesBuildPhase;
			buildActionMask = 2147483647;
			files = (
			);
			runOnlyForDeploymentPostprocessing = 0;
		};
/* End PBXResourcesBuildPhase section */

/* Begin PBXSourcesBuildPhase section */
		FD67E571225250E10051786B /* Sources */ = {
			isa = PBXSourcesBuildPhase;
			buildActionMask = 2147483647;
			files = (
				FD44573A2315955200DCC278 /* Tracing.swift in Sources */,
				FD76B7882278E8D20090EDB2 /* UIViewController+Extenstions.swift in Sources */,
				FD5259862281FFF20072C6B8 /* ScreenEdgePanGestureRecognizer.swift in Sources */,
				FD00021F2260CC9100A87FFB /* InteractivePopAnimator.swift in Sources */,
				FD44573B2315955200DCC278 /* Trace.swift in Sources */,
				FD1B56FB227C870600E005EC /* ViewControllerWrapperView.swift in Sources */,
				FD1B570D227DB9AF00E005EC /* Transition.swift in Sources */,
				FD76B76D2271F3EF0090EDB2 /* StackViewControllerDelegate.swift in Sources */,
				FD44FF44228B06DD00DA2AEB /* TransitionHandler.swift in Sources */,
				FD83870522A19C750017E8F8 /* StackHandling.swift in Sources */,
				FD67E5C8225260C40051786B /* Animator.swift in Sources */,
				FD76B77F227643600090EDB2 /* PushAnimator.swift in Sources */,
				FD2614BF22E4EB9A00BAD2DD /* StackOperationProvider.swift in Sources */,
				FD76B7812276449F0090EDB2 /* PopAnimator.swift in Sources */,
				FD44FF362286515000DA2AEB /* StackViewControllerInteractor.swift in Sources */,
				FD67E5FA22552D3A0051786B /* UIView+Extensions.swift in Sources */,
				FD1B570B227D68CB00E005EC /* StackHandler.swift in Sources */,
				FD76B7772275F39C0090EDB2 /* StackViewController+Debug.swift in Sources */,
				FD67E5F82254F2010051786B /* TransitionContext.swift in Sources */,
				FDAD73D022AD5E3900FB68BB /* TransitionHandling.swift in Sources */,
				FD76B791227A5B7A0090EDB2 /* Array+Extensions.swift in Sources */,
				FD67E5C3225258840051786B /* StackViewController.swift in Sources */,
			);
			runOnlyForDeploymentPostprocessing = 0;
		};
		FD67E5AC225257DA0051786B /* Sources */ = {
			isa = PBXSourcesBuildPhase;
			buildActionMask = 2147483647;
			files = (
				FD67E5F52252EC770051786B /* RootCoordinator.swift in Sources */,
				FD67E5B3225257DA0051786B /* AppDelegate.swift in Sources */,
				FD226059226B6359007E44CE /* StackCoordinator.swift in Sources */,
				FD76B77D227614D60090EDB2 /* ViewControllerFactory.swift in Sources */,
				FD76B6FB2270C5B30090EDB2 /* BaseViewController.swift in Sources */,
				FD76B78A227917320090EDB2 /* NavigationController.swift in Sources */,
				FD22605B226B6363007E44CE /* UIKitCoordinator.swift in Sources */,
			);
			runOnlyForDeploymentPostprocessing = 0;
		};
		FD76B6FC2270C9530090EDB2 /* Sources */ = {
			isa = PBXSourcesBuildPhase;
			buildActionMask = 2147483647;
			files = (
				FDF0BC7F22C9572C000EAAD5 /* MockInteractiveTransitioning.swift in Sources */,
				FD44FF3D2288CFA900DA2AEB /* MockViewController.swift in Sources */,
				FDF0BC7522C92603000EAAD5 /* TransitionHandlerTests.swift in Sources */,
				FD76B7692270EA010090EDB2 /* StackViewControllerTests+StackActions.swift in Sources */,
				FDAD73CB22AD4B4500FB68BB /* CollectionDifference+Extensions.swift in Sources */,
				FDAD73C822AD4A0400FB68BB /* MockStackHandler.swift in Sources */,
				FD76B7672270E9C60090EDB2 /* StackViewControllerTests+Properties.swift in Sources */,
				FD44FF4E228C2F1A00DA2AEB /* StackViewControllerTests+InteractorDelegate.swift in Sources */,
				FD76B7032270C9530090EDB2 /* StackViewControllerTests.swift in Sources */,
				FDF0BC7722C9278D000EAAD5 /* TransitionContext+Extensions.swift in Sources */,
				FD76B7652270E3B70090EDB2 /* TimeInterval+Extensions.swift in Sources */,
				FD44FF46228B4C9600DA2AEB /* MockStackViewControllerDelegate.swift in Sources */,
				FD44FF48228B65CF00DA2AEB /* MockStackViewControllerInteractor.swift in Sources */,
				FD44FF3F228A09CD00DA2AEB /* StackViewControllerInteractorTests.swift in Sources */,
				FD76B7632270DA340090EDB2 /* StackViewController+Extensions.swift in Sources */,
				FDAD73D222AD5F6600FB68BB /* MockTransitionHandler.swift in Sources */,
				FD52598C2284E9070072C6B8 /* Stack+Extensions.swift in Sources */,
				FD44FF3B22889FA200DA2AEB /* StackHandler+Extensions.swift in Sources */,
				FD44FF4A228B89C400DA2AEB /* StackViewControllerTests+ViewEvents.swift in Sources */,
				FDF0BC7B22C936F4000EAAD5 /* MockAnimatedTransitioning.swift in Sources */,
				FDF0BC7922C92850000EAAD5 /* MockTransitionHandlerDelegate.swift in Sources */,
				FDAD73D422AEB8E500FB68BB /* MockStackViewControllerInteractorDelegate.swift in Sources */,
				FD2614C122E4ECBD00BAD2DD /* MockStackOperationProvider.swift in Sources */,
				FD0E192E22C78E29004C78DC /* StackHandlerTests.swift in Sources */,
			);
			runOnlyForDeploymentPostprocessing = 0;
		};
/* End PBXSourcesBuildPhase section */

/* Begin PBXTargetDependency section */
		FD67E5C522525B140051786B /* PBXTargetDependency */ = {
			isa = PBXTargetDependency;
			target = FD67E574225250E10051786B /* StackViewController */;
			targetProxy = FD67E5C422525B140051786B /* PBXContainerItemProxy */;
		};
		FD76B7072270C9530090EDB2 /* PBXTargetDependency */ = {
			isa = PBXTargetDependency;
			target = FD67E574225250E10051786B /* StackViewController */;
			targetProxy = FD76B7062270C9530090EDB2 /* PBXContainerItemProxy */;
		};
/* End PBXTargetDependency section */

/* Begin PBXVariantGroup section */
		FD67E5BB225257DB0051786B /* LaunchScreen.storyboard */ = {
			isa = PBXVariantGroup;
			children = (
				FD67E5BC225257DB0051786B /* Base */,
			);
			name = LaunchScreen.storyboard;
			sourceTree = "<group>";
		};
/* End PBXVariantGroup section */

/* Begin XCBuildConfiguration section */
		FD67E57B225250E10051786B /* Debug */ = {
			isa = XCBuildConfiguration;
			baseConfigurationReference = FD8386FF22A196640017E8F8 /* Debug.xcconfig */;
			buildSettings = {
				ALWAYS_SEARCH_USER_PATHS = NO;
				CLANG_ANALYZER_NONNULL = YES;
				CLANG_ANALYZER_NUMBER_OBJECT_CONVERSION = YES_AGGRESSIVE;
				CLANG_CXX_LANGUAGE_STANDARD = "gnu++14";
				CLANG_CXX_LIBRARY = "libc++";
				CLANG_ENABLE_MODULES = YES;
				CLANG_ENABLE_OBJC_ARC = YES;
				CLANG_ENABLE_OBJC_WEAK = YES;
				CLANG_WARN_BLOCK_CAPTURE_AUTORELEASING = YES;
				CLANG_WARN_BOOL_CONVERSION = YES;
				CLANG_WARN_COMMA = YES;
				CLANG_WARN_CONSTANT_CONVERSION = YES;
				CLANG_WARN_DEPRECATED_OBJC_IMPLEMENTATIONS = YES;
				CLANG_WARN_DIRECT_OBJC_ISA_USAGE = YES_ERROR;
				CLANG_WARN_DOCUMENTATION_COMMENTS = YES;
				CLANG_WARN_EMPTY_BODY = YES;
				CLANG_WARN_ENUM_CONVERSION = YES;
				CLANG_WARN_INFINITE_RECURSION = YES;
				CLANG_WARN_INT_CONVERSION = YES;
				CLANG_WARN_NON_LITERAL_NULL_CONVERSION = YES;
				CLANG_WARN_OBJC_IMPLICIT_RETAIN_SELF = YES;
				CLANG_WARN_OBJC_LITERAL_CONVERSION = YES;
				CLANG_WARN_OBJC_ROOT_CLASS = YES_ERROR;
				CLANG_WARN_RANGE_LOOP_ANALYSIS = YES;
				CLANG_WARN_STRICT_PROTOTYPES = YES;
				CLANG_WARN_SUSPICIOUS_MOVE = YES;
				CLANG_WARN_UNGUARDED_AVAILABILITY = YES_AGGRESSIVE;
				CLANG_WARN_UNREACHABLE_CODE = YES;
				CLANG_WARN__DUPLICATE_METHOD_MATCH = YES;
				CODE_SIGN_IDENTITY = "iPhone Developer";
				COPY_PHASE_STRIP = NO;
				CURRENT_PROJECT_VERSION = 1;
				DEBUG_INFORMATION_FORMAT = dwarf;
				ENABLE_STRICT_OBJC_MSGSEND = YES;
				ENABLE_TESTABILITY = YES;
				GCC_C_LANGUAGE_STANDARD = gnu11;
				GCC_DYNAMIC_NO_PIC = NO;
				GCC_NO_COMMON_BLOCKS = YES;
				GCC_OPTIMIZATION_LEVEL = 0;
				GCC_PREPROCESSOR_DEFINITIONS = (
					"DEBUG=1",
					"$(inherited)",
				);
				GCC_WARN_64_TO_32_BIT_CONVERSION = YES;
				GCC_WARN_ABOUT_RETURN_TYPE = YES_ERROR;
				GCC_WARN_UNDECLARED_SELECTOR = YES;
				GCC_WARN_UNINITIALIZED_AUTOS = YES_AGGRESSIVE;
				GCC_WARN_UNUSED_FUNCTION = YES;
				GCC_WARN_UNUSED_VARIABLE = YES;
				IPHONEOS_DEPLOYMENT_TARGET = 13.0;
				MTL_ENABLE_DEBUG_INFO = INCLUDE_SOURCE;
				MTL_FAST_MATH = YES;
				ONLY_ACTIVE_ARCH = YES;
				SDKROOT = iphoneos;
				SWIFT_ACTIVE_COMPILATION_CONDITIONS = DEBUG;
				SWIFT_OPTIMIZATION_LEVEL = "-Onone";
				VERSIONING_SYSTEM = "apple-generic";
				VERSION_INFO_PREFIX = "";
			};
			name = Debug;
		};
		FD67E57C225250E10051786B /* Release */ = {
			isa = XCBuildConfiguration;
			buildSettings = {
				ALWAYS_SEARCH_USER_PATHS = NO;
				CLANG_ANALYZER_NONNULL = YES;
				CLANG_ANALYZER_NUMBER_OBJECT_CONVERSION = YES_AGGRESSIVE;
				CLANG_CXX_LANGUAGE_STANDARD = "gnu++14";
				CLANG_CXX_LIBRARY = "libc++";
				CLANG_ENABLE_MODULES = YES;
				CLANG_ENABLE_OBJC_ARC = YES;
				CLANG_ENABLE_OBJC_WEAK = YES;
				CLANG_WARN_BLOCK_CAPTURE_AUTORELEASING = YES;
				CLANG_WARN_BOOL_CONVERSION = YES;
				CLANG_WARN_COMMA = YES;
				CLANG_WARN_CONSTANT_CONVERSION = YES;
				CLANG_WARN_DEPRECATED_OBJC_IMPLEMENTATIONS = YES;
				CLANG_WARN_DIRECT_OBJC_ISA_USAGE = YES_ERROR;
				CLANG_WARN_DOCUMENTATION_COMMENTS = YES;
				CLANG_WARN_EMPTY_BODY = YES;
				CLANG_WARN_ENUM_CONVERSION = YES;
				CLANG_WARN_INFINITE_RECURSION = YES;
				CLANG_WARN_INT_CONVERSION = YES;
				CLANG_WARN_NON_LITERAL_NULL_CONVERSION = YES;
				CLANG_WARN_OBJC_IMPLICIT_RETAIN_SELF = YES;
				CLANG_WARN_OBJC_LITERAL_CONVERSION = YES;
				CLANG_WARN_OBJC_ROOT_CLASS = YES_ERROR;
				CLANG_WARN_RANGE_LOOP_ANALYSIS = YES;
				CLANG_WARN_STRICT_PROTOTYPES = YES;
				CLANG_WARN_SUSPICIOUS_MOVE = YES;
				CLANG_WARN_UNGUARDED_AVAILABILITY = YES_AGGRESSIVE;
				CLANG_WARN_UNREACHABLE_CODE = YES;
				CLANG_WARN__DUPLICATE_METHOD_MATCH = YES;
				CODE_SIGN_IDENTITY = "iPhone Developer";
				COPY_PHASE_STRIP = NO;
				CURRENT_PROJECT_VERSION = 1;
				DEBUG_INFORMATION_FORMAT = "dwarf-with-dsym";
				ENABLE_NS_ASSERTIONS = NO;
				ENABLE_STRICT_OBJC_MSGSEND = YES;
				GCC_C_LANGUAGE_STANDARD = gnu11;
				GCC_NO_COMMON_BLOCKS = YES;
				GCC_WARN_64_TO_32_BIT_CONVERSION = YES;
				GCC_WARN_ABOUT_RETURN_TYPE = YES_ERROR;
				GCC_WARN_UNDECLARED_SELECTOR = YES;
				GCC_WARN_UNINITIALIZED_AUTOS = YES_AGGRESSIVE;
				GCC_WARN_UNUSED_FUNCTION = YES;
				GCC_WARN_UNUSED_VARIABLE = YES;
				IPHONEOS_DEPLOYMENT_TARGET = 13.0;
				MTL_ENABLE_DEBUG_INFO = NO;
				MTL_FAST_MATH = YES;
				SDKROOT = iphoneos;
				SWIFT_COMPILATION_MODE = wholemodule;
				SWIFT_OPTIMIZATION_LEVEL = "-O";
				VALIDATE_PRODUCT = YES;
				VERSIONING_SYSTEM = "apple-generic";
				VERSION_INFO_PREFIX = "";
			};
			name = Release;
		};
		FD67E57E225250E10051786B /* Debug */ = {
			isa = XCBuildConfiguration;
			baseConfigurationReference = FD8386FF22A196640017E8F8 /* Debug.xcconfig */;
			buildSettings = {
				CLANG_ENABLE_MODULES = YES;
				CODE_SIGN_IDENTITY = "";
				CODE_SIGN_STYLE = Automatic;
				DEFINES_MODULE = YES;
				DEVELOPMENT_TEAM = HPXR38FW5T;
				DYLIB_COMPATIBILITY_VERSION = 1;
				DYLIB_CURRENT_VERSION = 1;
				DYLIB_INSTALL_NAME_BASE = "@rpath";
				INFOPLIST_FILE = StackViewController/Info.plist;
				INSTALL_PATH = "$(LOCAL_LIBRARY_DIR)/Frameworks";
				LD_RUNPATH_SEARCH_PATHS = (
					"$(inherited)",
					"@executable_path/Frameworks",
					"@loader_path/Frameworks",
				);
				PRODUCT_BUNDLE_IDENTIFIER = pm.codedby.NavigationController;
				PRODUCT_NAME = "$(TARGET_NAME:c99extidentifier)";
				SKIP_INSTALL = YES;
				SWIFT_OPTIMIZATION_LEVEL = "-Onone";
				SWIFT_VERSION = 5.0;
				TARGETED_DEVICE_FAMILY = "1,2";
			};
			name = Debug;
		};
		FD67E57F225250E10051786B /* Release */ = {
			isa = XCBuildConfiguration;
			baseConfigurationReference = FD83870022A199310017E8F8 /* Release.xcconfig */;
			buildSettings = {
				CLANG_ENABLE_MODULES = YES;
				CODE_SIGN_IDENTITY = "";
				CODE_SIGN_STYLE = Automatic;
				DEFINES_MODULE = YES;
				DEVELOPMENT_TEAM = HPXR38FW5T;
				DYLIB_COMPATIBILITY_VERSION = 1;
				DYLIB_CURRENT_VERSION = 1;
				DYLIB_INSTALL_NAME_BASE = "@rpath";
				INFOPLIST_FILE = StackViewController/Info.plist;
				INSTALL_PATH = "$(LOCAL_LIBRARY_DIR)/Frameworks";
				LD_RUNPATH_SEARCH_PATHS = (
					"$(inherited)",
					"@executable_path/Frameworks",
					"@loader_path/Frameworks",
				);
				PRODUCT_BUNDLE_IDENTIFIER = pm.codedby.NavigationController;
				PRODUCT_NAME = "$(TARGET_NAME:c99extidentifier)";
				SKIP_INSTALL = YES;
				SWIFT_VERSION = 5.0;
				TARGETED_DEVICE_FAMILY = "1,2";
			};
			name = Release;
		};
		FD67E5BF225257DB0051786B /* Debug */ = {
			isa = XCBuildConfiguration;
			buildSettings = {
				ALWAYS_EMBED_SWIFT_STANDARD_LIBRARIES = YES;
				ASSETCATALOG_COMPILER_APPICON_NAME = AppIcon;
				CODE_SIGN_STYLE = Automatic;
				DEVELOPMENT_TEAM = HPXR38FW5T;
				INFOPLIST_FILE = TestApp/Info.plist;
				LD_RUNPATH_SEARCH_PATHS = (
					"$(inherited)",
					"@executable_path/Frameworks",
				);
				PRODUCT_BUNDLE_IDENTIFIER = pm.codedby.navigationcontroller.TestApp;
				PRODUCT_NAME = "$(TARGET_NAME)";
				SWIFT_VERSION = 5.0;
				TARGETED_DEVICE_FAMILY = "1,2";
			};
			name = Debug;
		};
		FD67E5C0225257DB0051786B /* Release */ = {
			isa = XCBuildConfiguration;
			buildSettings = {
				ALWAYS_EMBED_SWIFT_STANDARD_LIBRARIES = YES;
				ASSETCATALOG_COMPILER_APPICON_NAME = AppIcon;
				CODE_SIGN_STYLE = Automatic;
				DEVELOPMENT_TEAM = HPXR38FW5T;
				INFOPLIST_FILE = TestApp/Info.plist;
				LD_RUNPATH_SEARCH_PATHS = (
					"$(inherited)",
					"@executable_path/Frameworks",
				);
				PRODUCT_BUNDLE_IDENTIFIER = pm.codedby.navigationcontroller.TestApp;
				PRODUCT_NAME = "$(TARGET_NAME)";
				SWIFT_VERSION = 5.0;
				TARGETED_DEVICE_FAMILY = "1,2";
			};
			name = Release;
		};
		FD76B7092270C9530090EDB2 /* Debug */ = {
			isa = XCBuildConfiguration;
			baseConfigurationReference = FD8386FF22A196640017E8F8 /* Debug.xcconfig */;
			buildSettings = {
				CODE_SIGN_STYLE = Automatic;
				DEVELOPMENT_TEAM = HPXR38FW5T;
				INFOPLIST_FILE = StackViewControllerTests/Info.plist;
				LD_RUNPATH_SEARCH_PATHS = (
					"$(inherited)",
					"@executable_path/Frameworks",
					"@loader_path/Frameworks",
				);
				PRODUCT_BUNDLE_IDENTIFIER = pm.codedby.StackViewControllerTests;
				PRODUCT_NAME = "$(TARGET_NAME)";
				SWIFT_VERSION = 5.0;
				TARGETED_DEVICE_FAMILY = "1,2";
			};
			name = Debug;
		};
		FD76B70A2270C9530090EDB2 /* Release */ = {
			isa = XCBuildConfiguration;
			baseConfigurationReference = FD83870022A199310017E8F8 /* Release.xcconfig */;
			buildSettings = {
				CODE_SIGN_STYLE = Automatic;
				DEVELOPMENT_TEAM = HPXR38FW5T;
				INFOPLIST_FILE = StackViewControllerTests/Info.plist;
				LD_RUNPATH_SEARCH_PATHS = (
					"$(inherited)",
					"@executable_path/Frameworks",
					"@loader_path/Frameworks",
				);
				PRODUCT_BUNDLE_IDENTIFIER = pm.codedby.StackViewControllerTests;
				PRODUCT_NAME = "$(TARGET_NAME)";
				SWIFT_VERSION = 5.0;
				TARGETED_DEVICE_FAMILY = "1,2";
			};
			name = Release;
		};
/* End XCBuildConfiguration section */

/* Begin XCConfigurationList section */
		FD67E56F225250E10051786B /* Build configuration list for PBXProject "StackViewController" */ = {
			isa = XCConfigurationList;
			buildConfigurations = (
				FD67E57B225250E10051786B /* Debug */,
				FD67E57C225250E10051786B /* Release */,
			);
			defaultConfigurationIsVisible = 0;
			defaultConfigurationName = Release;
		};
		FD67E57D225250E10051786B /* Build configuration list for PBXNativeTarget "StackViewController" */ = {
			isa = XCConfigurationList;
			buildConfigurations = (
				FD67E57E225250E10051786B /* Debug */,
				FD67E57F225250E10051786B /* Release */,
			);
			defaultConfigurationIsVisible = 0;
			defaultConfigurationName = Release;
		};
		FD67E5C1225257DB0051786B /* Build configuration list for PBXNativeTarget "TestApp" */ = {
			isa = XCConfigurationList;
			buildConfigurations = (
				FD67E5BF225257DB0051786B /* Debug */,
				FD67E5C0225257DB0051786B /* Release */,
			);
			defaultConfigurationIsVisible = 0;
			defaultConfigurationName = Release;
		};
		FD76B7082270C9530090EDB2 /* Build configuration list for PBXNativeTarget "StackViewControllerTests" */ = {
			isa = XCConfigurationList;
			buildConfigurations = (
				FD76B7092270C9530090EDB2 /* Debug */,
				FD76B70A2270C9530090EDB2 /* Release */,
			);
			defaultConfigurationIsVisible = 0;
			defaultConfigurationName = Release;
		};
/* End XCConfigurationList section */
	};
	rootObject = FD67E56C225250E10051786B /* Project object */;
}
